
Microsoft Visual Studio Solution File, Format Version 12.00
# Visual Studio Version 17
VisualStudioVersion = 17.0.31903.59
MinimumVisualStudioVersion = 10.0.40219.1
Project("{FAE04EC0-301F-11D3-BF4B-00C04F79EFBC}") = "E2", "E2\E2.csproj", "{B4D9456F-3071-4043-86B5-B07DBF9AAF8F}"
EndProject
Project("{FAE04EC0-301F-11D3-BF4B-00C04F79EFBC}") = "E2.Test", "E2.Test\E2.Test.csproj", "{32DB75D6-4A24-427A-B25A-0D7C53A08ADB}"
EndProject
Global
	GlobalSection(SolutionConfigurationPlatforms) = preSolution
		Debug|Any CPU = Debug|Any CPU
		Debug|x64 = Debug|x64
		Debug|x86 = Debug|x86
		Release|Any CPU = Release|Any CPU
		Release|x64 = Release|x64
		Release|x86 = Release|x86
	EndGlobalSection
	GlobalSection(ProjectConfigurationPlatforms) = postSolution
		{B4D9456F-3071-4043-86B5-B07DBF9AAF8F}.Debug|Any CPU.ActiveCfg = Debug|Any CPU
		{B4D9456F-3071-4043-86B5-B07DBF9AAF8F}.Debug|Any CPU.Build.0 = Debug|Any CPU
		{B4D9456F-3071-4043-86B5-B07DBF9AAF8F}.Debug|x64.ActiveCfg = Debug|Any CPU
		{B4D9456F-3071-4043-86B5-B07DBF9AAF8F}.Debug|x64.Build.0 = Debug|Any CPU
		{B4D9456F-3071-4043-86B5-B07DBF9AAF8F}.Debug|x86.ActiveCfg = Debug|Any CPU
		{B4D9456F-3071-4043-86B5-B07DBF9AAF8F}.Debug|x86.Build.0 = Debug|Any CPU
		{B4D9456F-3071-4043-86B5-B07DBF9AAF8F}.Release|Any CPU.ActiveCfg = Release|Any CPU
		{B4D9456F-3071-4043-86B5-B07DBF9AAF8F}.Release|Any CPU.Build.0 = Release|Any CPU
		{B4D9456F-3071-4043-86B5-B07DBF9AAF8F}.Release|x64.ActiveCfg = Release|Any CPU
		{B4D9456F-3071-4043-86B5-B07DBF9AAF8F}.Release|x64.Build.0 = Release|Any CPU
		{B4D9456F-3071-4043-86B5-B07DBF9AAF8F}.Release|x86.ActiveCfg = Release|Any CPU
		{B4D9456F-3071-4043-86B5-B07DBF9AAF8F}.Release|x86.Build.0 = Release|Any CPU
		{32DB75D6-4A24-427A-B25A-0D7C53A08ADB}.Debug|Any CPU.ActiveCfg = Debug|Any CPU
		{32DB75D6-4A24-427A-B25A-0D7C53A08ADB}.Debug|Any CPU.Build.0 = Debug|Any CPU
		{32DB75D6-4A24-427A-B25A-0D7C53A08ADB}.Debug|x64.ActiveCfg = Debug|Any CPU
		{32DB75D6-4A24-427A-B25A-0D7C53A08ADB}.Debug|x64.Build.0 = Debug|Any CPU
		{32DB75D6-4A24-427A-B25A-0D7C53A08ADB}.Debug|x86.ActiveCfg = Debug|Any CPU
		{32DB75D6-4A24-427A-B25A-0D7C53A08ADB}.Debug|x86.Build.0 = Debug|Any CPU
		{32DB75D6-4A24-427A-B25A-0D7C53A08ADB}.Release|Any CPU.ActiveCfg = Release|Any CPU
		{32DB75D6-4A24-427A-B25A-0D7C53A08ADB}.Release|Any CPU.Build.0 = Release|Any CPU
		{32DB75D6-4A24-427A-B25A-0D7C53A08ADB}.Release|x64.ActiveCfg = Release|Any CPU
		{32DB75D6-4A24-427A-B25A-0D7C53A08ADB}.Release|x64.Build.0 = Release|Any CPU
		{32DB75D6-4A24-427A-B25A-0D7C53A08ADB}.Release|x86.ActiveCfg = Release|Any CPU
		{32DB75D6-4A24-427A-B25A-0D7C53A08ADB}.Release|x86.Build.0 = Release|Any CPU
	EndGlobalSection
	GlobalSection(SolutionProperties) = preSolution
		HideSolutionNode = FALSE
	EndGlobalSection
EndGlobal
