Microsoft Visual Studio Solution File, Format Version 12.00
# Visual Studio Version 17
VisualStudioVersion = 17.5.2.0
MinimumVisualStudioVersion = 10.0.40219.1
Project("{FAE04EC0-301F-11D3-BF4B-00C04F79EFBC}") = "s14", "s14.csproj", "{30671BCC-25F1-5778-6272-B65D244480F2}"
EndProject
Global
	GlobalSection(SolutionConfigurationPlatforms) = preSolution
		Debug|Any CPU = Debug|Any CPU
		Release|Any CPU = Release|Any CPU
	EndGlobalSection
	GlobalSection(ProjectConfigurationPlatforms) = postSolution
		{30671BCC-25F1-5778-6272-B65D244480F2}.Debug|Any CPU.ActiveCfg = Debug|Any CPU
		{30671BCC-25F1-5778-6272-B65D244480F2}.Debug|Any CPU.Build.0 = Debug|Any CPU
		{30671BCC-25F1-5778-6272-B65D244480F2}.Release|Any CPU.ActiveCfg = Release|Any CPU
		{30671BCC-25F1-5778-6272-B65D244480F2}.Release|Any CPU.Build.0 = Release|Any CPU
	EndGlobalSection
	GlobalSection(SolutionProperties) = preSolution
		HideSolutionNode = FALSE
	EndGlobalSection
	GlobalSection(ExtensibilityGlobals) = postSolution
		SolutionGuid = {70E6D39E-F5B1-4D07-950D-0EC8F398B4C3}
	EndGlobalSection
EndGlobal
