Microsoft Visual Studio Solution File, Format Version 12.00
# Visual Studio Version 17
VisualStudioVersion = 17.5.2.0
MinimumVisualStudioVersion = 10.0.40219.1
Project("{FAE04EC0-301F-11D3-BF4B-00C04F79EFBC}") = "s21", "s21.csproj", "{9D485C10-B06A-85D3-7174-C8C498CBAEDD}"
EndProject
Global
	GlobalSection(SolutionConfigurationPlatforms) = preSolution
		Debug|Any CPU = Debug|Any CPU
		Release|Any CPU = Release|Any CPU
	EndGlobalSection
	GlobalSection(ProjectConfigurationPlatforms) = postSolution
		{9D485C10-B06A-85D3-7174-C8C498CBAEDD}.Debug|Any CPU.ActiveCfg = Debug|Any CPU
		{9D485C10-B06A-85D3-7174-C8C498CBAEDD}.Debug|Any CPU.Build.0 = Debug|Any CPU
		{9D485C10-B06A-85D3-7174-C8C498CBAEDD}.Release|Any CPU.ActiveCfg = Release|Any CPU
		{9D485C10-B06A-85D3-7174-C8C498CBAEDD}.Release|Any CPU.Build.0 = Release|Any CPU
	EndGlobalSection
	GlobalSection(SolutionProperties) = preSolution
		HideSolutionNode = FALSE
	EndGlobalSection
	GlobalSection(ExtensibilityGlobals) = postSolution
		SolutionGuid = {0843198E-7FC7-45CA-A58C-1AF46CA83F0E}
	EndGlobalSection
EndGlobal
