Microsoft Visual Studio Solution File, Format Version 12.00
# Visual Studio Version 17
VisualStudioVersion = 17.5.2.0
MinimumVisualStudioVersion = 10.0.40219.1
Project("{FAE04EC0-301F-11D3-BF4B-00C04F79EFBC}") = "hw15con", "hw15con.csproj", "{B7A615C6-3D34-3B49-6F21-0F28052F9E7D}"
EndProject
Global
	GlobalSection(SolutionConfigurationPlatforms) = preSolution
		Debug|Any CPU = Debug|Any CPU
		Release|Any CPU = Release|Any CPU
	EndGlobalSection
	GlobalSection(ProjectConfigurationPlatforms) = postSolution
		{B7A615C6-3D34-3B49-6F21-0F28052F9E7D}.Debug|Any CPU.ActiveCfg = Debug|Any CPU
		{B7A615C6-3D34-3B49-6F21-0F28052F9E7D}.Debug|Any CPU.Build.0 = Debug|Any CPU
		{B7A615C6-3D34-3B49-6F21-0F28052F9E7D}.Release|Any CPU.ActiveCfg = Release|Any CPU
		{B7A615C6-3D34-3B49-6F21-0F28052F9E7D}.Release|Any CPU.Build.0 = Release|Any CPU
	EndGlobalSection
	GlobalSection(SolutionProperties) = preSolution
		HideSolutionNode = FALSE
	EndGlobalSection
	GlobalSection(ExtensibilityGlobals) = postSolution
		SolutionGuid = {63947A0E-068B-4D5B-BDAD-A71353ABFDCD}
	EndGlobalSection
EndGlobal
